
Microsoft Visual Studio Solution File, Format Version 12.00
# Visual Studio Version 17
VisualStudioVersion = 17.0.32126.317
MinimumVisualStudioVersion = 10.0.40219.1
Project("{9A19103F-16F7-4668-BE54-9A1E7A4F7556}") = "GeneralIndexConsole", "GeneralIndexConsole\GeneralIndexConsole.csproj", "{BD774206-BF54-4F53-B7A2-71D5BFD6A2D4}"
EndProject
Project("{9A19103F-16F7-4668-BE54-9A1E7A4F7556}") = "GeneralIndexAPILibrary", "GeneralIndexAPILibrary\GeneralIndexAPILibrary.csproj", "{0FE83CAC-A3C0-4968-87C2-44E2874A5C7A}"
EndProject
Global
	GlobalSection(SolutionConfigurationPlatforms) = preSolution
		Debug|Any CPU = Debug|Any CPU
		Release|Any CPU = Release|Any CPU
	EndGlobalSection
	GlobalSection(ProjectConfigurationPlatforms) = postSolution
		{BD774206-BF54-4F53-B7A2-71D5BFD6A2D4}.Debug|Any CPU.ActiveCfg = Debug|Any CPU
		{BD774206-BF54-4F53-B7A2-71D5BFD6A2D4}.Debug|Any CPU.Build.0 = Debug|Any CPU
		{BD774206-BF54-4F53-B7A2-71D5BFD6A2D4}.Release|Any CPU.ActiveCfg = Release|Any CPU
		{BD774206-BF54-4F53-B7A2-71D5BFD6A2D4}.Release|Any CPU.Build.0 = Release|Any CPU
		{0FE83CAC-A3C0-4968-87C2-44E2874A5C7A}.Debug|Any CPU.ActiveCfg = Debug|Any CPU
		{0FE83CAC-A3C0-4968-87C2-44E2874A5C7A}.Debug|Any CPU.Build.0 = Debug|Any CPU
		{0FE83CAC-A3C0-4968-87C2-44E2874A5C7A}.Release|Any CPU.ActiveCfg = Release|Any CPU
		{0FE83CAC-A3C0-4968-87C2-44E2874A5C7A}.Release|Any CPU.Build.0 = Release|Any CPU
	EndGlobalSection
	GlobalSection(SolutionProperties) = preSolution
		HideSolutionNode = FALSE
	EndGlobalSection
	GlobalSection(ExtensibilityGlobals) = postSolution
		SolutionGuid = {E709EAE2-2803-43D9-98F3-12EC9B969C45}
	EndGlobalSection
EndGlobal
